[postgres]
url = "https://github.com/vados-cosmonic/wit-wasmcloud-postgres/archive/main.tar.gz"
sha256 = "6d9838129727481ebfd7df9f17fd8160283923441cf74f0a0d76da8982dbf6fd"
sha512 = "a3e85334a5d36e1d7fa3e500edc578f318e65adb6d6405b74c844c17cfc78f507e3506863cac45d2d5882bd1661227981324fead9890eec6bcc9059380c8a5f0"
