[postgres]
url = "https://github.com/vados-cosmonic/wit-wasmcloud-postgres/archive/main.tar.gz"
sha256 = "4cc3e5e4d884eb98ce94dfaf8e000d904bc7039ef5c373546a7cff2d78a2f41e"
sha512 = "5ea3650499a5648b78e6dcde66e558cbf463241827eafe10544cb7bc9c3df7fe9613d0863de5c0725de7151976aeb0432094beee26384aa197f851c2897af1f0"
